
Microsoft Visual Studio Solution File, Format Version 12.00
# Visual Studio 15
VisualStudioVersion = 15.0.28307.1000
MinimumVisualStudioVersion = 10.0.40219.1
Project("{FAE04EC0-301F-11D3-BF4B-00C04F79EFBC}") = "Labs_OFS", "Labs_OFS\Labs_OFS.csproj", "{924F8D2E-0813-4F58-8C83-2F6699F9F4C5}"
EndProject
Global
	GlobalSection(SolutionConfigurationPlatforms) = preSolution
		Debug|Any CPU = Debug|Any CPU
		Release|Any CPU = Release|Any CPU
	EndGlobalSection
	GlobalSection(ProjectConfigurationPlatforms) = postSolution
		{924F8D2E-0813-4F58-8C83-2F6699F9F4C5}.Debug|Any CPU.ActiveCfg = Debug|Any CPU
		{924F8D2E-0813-4F58-8C83-2F6699F9F4C5}.Debug|Any CPU.Build.0 = Debug|Any CPU
		{924F8D2E-0813-4F58-8C83-2F6699F9F4C5}.Release|Any CPU.ActiveCfg = Release|Any CPU
		{924F8D2E-0813-4F58-8C83-2F6699F9F4C5}.Release|Any CPU.Build.0 = Release|Any CPU
	EndGlobalSection
	GlobalSection(SolutionProperties) = preSolution
		HideSolutionNode = FALSE
	EndGlobalSection
	GlobalSection(ExtensibilityGlobals) = postSolution
		SolutionGuid = {855D3383-7CA0-4E64-B809-96BA00B7D5B2}
	EndGlobalSection
EndGlobal
